
Microsoft Visual Studio Solution File, Format Version 12.00
# Visual Studio 14
VisualStudioVersion = 14.0.25123.0
MinimumVisualStudioVersion = 10.0.40219.1
Project("{FAE04EC0-301F-11D3-BF4B-00C04F79EFBC}") = "IR_Engine_v2", "WpfApplication2\IR_Engine_v2.csproj", "{DAB55AC3-BF62-4D64-B8AF-CED60EE30BBB}"
EndProject
Global
	GlobalSection(SolutionConfigurationPlatforms) = preSolution
		Debug|Any CPU = Debug|Any CPU
		Release|Any CPU = Release|Any CPU
	EndGlobalSection
	GlobalSection(ProjectConfigurationPlatforms) = postSolution
		{DAB55AC3-BF62-4D64-B8AF-CED60EE30BBB}.Debug|Any CPU.ActiveCfg = Debug|Any CPU
		{DAB55AC3-BF62-4D64-B8AF-CED60EE30BBB}.Debug|Any CPU.Build.0 = Debug|Any CPU
		{DAB55AC3-BF62-4D64-B8AF-CED60EE30BBB}.Release|Any CPU.ActiveCfg = Release|Any CPU
		{DAB55AC3-BF62-4D64-B8AF-CED60EE30BBB}.Release|Any CPU.Build.0 = Release|Any CPU
	EndGlobalSection
	GlobalSection(SolutionProperties) = preSolution
		HideSolutionNode = FALSE
	EndGlobalSection
EndGlobal
